
Microsoft Visual Studio Solution File, Format Version 12.00
# Visual Studio Version 16
VisualStudioVersion = 16.0.29519.181
MinimumVisualStudioVersion = 10.0.40219.1
Project("{FAE04EC0-301F-11D3-BF4B-00C04F79EFBC}") = "Dnd", "Dnd\Dnd.csproj", "{29C78AC6-991D-4D15-B438-5D74D6CDA6A5}"
EndProject
Project("{FAE04EC0-301F-11D3-BF4B-00C04F79EFBC}") = "DndTests", "DndTests\DndTests.csproj", "{19C603FB-EF7F-435C-AA34-793DEF0499D6}"
EndProject
Global
	GlobalSection(SolutionConfigurationPlatforms) = preSolution
		Debug|Any CPU = Debug|Any CPU
		Release|Any CPU = Release|Any CPU
	EndGlobalSection
	GlobalSection(ProjectConfigurationPlatforms) = postSolution
		{29C78AC6-991D-4D15-B438-5D74D6CDA6A5}.Debug|Any CPU.ActiveCfg = Debug|Any CPU
		{29C78AC6-991D-4D15-B438-5D74D6CDA6A5}.Debug|Any CPU.Build.0 = Debug|Any CPU
		{29C78AC6-991D-4D15-B438-5D74D6CDA6A5}.Release|Any CPU.ActiveCfg = Release|Any CPU
		{29C78AC6-991D-4D15-B438-5D74D6CDA6A5}.Release|Any CPU.Build.0 = Release|Any CPU
		{19C603FB-EF7F-435C-AA34-793DEF0499D6}.Debug|Any CPU.ActiveCfg = Debug|Any CPU
		{19C603FB-EF7F-435C-AA34-793DEF0499D6}.Debug|Any CPU.Build.0 = Debug|Any CPU
		{19C603FB-EF7F-435C-AA34-793DEF0499D6}.Release|Any CPU.ActiveCfg = Release|Any CPU
		{19C603FB-EF7F-435C-AA34-793DEF0499D6}.Release|Any CPU.Build.0 = Release|Any CPU
	EndGlobalSection
	GlobalSection(SolutionProperties) = preSolution
		HideSolutionNode = FALSE
	EndGlobalSection
	GlobalSection(ExtensibilityGlobals) = postSolution
		SolutionGuid = {C7A5C116-B55F-4454-A6C8-5E7778582792}
	EndGlobalSection
EndGlobal
